{
  "version": "3",
  "packages": {
    "specifiers": {
      "jsr:@openbible/bconv@^0.1.7": "jsr:@openbible/bconv@0.1.7",
      "jsr:@openbible/core@^0.1.14": "jsr:@openbible/core@0.1.14",
      "npm:chalk@^5.3.0": "npm:chalk@5.3.0"
    },
    "jsr": {
      "@openbible/bconv@0.1.7": {
        "integrity": "5db3a38ee6af8e4ff05008ec576d5c6e0273f2969ff0bf320f55159331fd3c53",
        "dependencies": [
          "npm:chalk@^5.3.0"
        ]
      },
      "@openbible/core@0.1.14": {
        "integrity": "cb44c84dead102e2b671015adc520545d46c2aee45ae054bd0b0c15dbe722ca3"
      }
    },
    "npm": {
      "chalk@5.3.0": {
        "integrity": "sha512-dLitG79d+GV1Nb/VYcCDFivJeK1hiukt9QjRNVOsUtTy1rR1YJsmpGGTZ3qJos+uw7WmWF4wUwBd9jxjocFC2w==",
        "dependencies": {}
      }
    }
  },
  "remote": {},
  "workspace": {
    "dependencies": [
      "jsr:@openbible/bconv@^0.1.7",
      "jsr:@openbible/core@^0.1.14"
    ]
  }
}
