{
	"name": "@openbible/en_bsb",
	"version": "0.0.0",
	"lockfileVersion": 3,
	"requires": true,
	"packages": {
		"": {
			"name": "@openbible/en_bsb",
			"version": "0.0.0",
			"license": "CC-PDDC",
			"devDependencies": {
				"@openbible/core": "^0.0.9"
			}
		},
		"node_modules/@openbible/core": {
			"version": "0.0.9",
			"resolved": "https://registry.npmjs.org/@openbible/core/-/core-0.0.9.tgz",
			"integrity": "sha512-+413I96JDjO8/+2EoHzvwPhUodzRhNv2arKeGwxk7SOrsoFxTXG9cypBgEtQdsVmj60yM/uchwvVVgYi1yCSOQ==",
			"dev": true,
			"license": "CC0-1.0",
			"engines": {
				"node": ">= 22.7.0"
			}
		}
	}
}
